# This file is @generated by PDM.
# It is not intended for manual editing.

[metadata]
groups = ["default"]
strategy = ["inherit_metadata"]
lock_version = "4.5.0"
content_hash = "sha256:b9d906470db45d146efe57d805d447855c332555ecbf45cb02d2431408d16d7d"

[[metadata.targets]]
requires_python = ">=3.13"

[[package]]
name = "cffi"
version = "1.17.1"
requires_python = ">=3.8"
summary = "Foreign Function Interface for Python calling C code."
groups = ["default"]
dependencies = [
    "pycparser",
]
files = [
    {file = "cffi-1.17.1-cp313-cp313-macosx_10_13_x86_64.whl", hash = "sha256:f3a2b4222ce6b60e2e8b337bb9596923045681d71e5a082783484d845390938e"},
    {file = "cffi-1.17.1-cp313-cp313-macosx_11_0_arm64.whl", hash = "sha256:0984a4925a435b1da406122d4d7968dd861c1385afe3b45ba82b750f229811e2"},
    {file = "cffi-1.17.1-cp313-cp313-manylinux_2_12_i686.manylinux2010_i686.manylinux_2_17_i686.manylinux2014_i686.whl", hash = "sha256:d01b12eeeb4427d3110de311e1774046ad344f5b1a7403101878976ecd7a10f3"},
    {file = "cffi-1.17.1-cp313-cp313-manylinux_2_17_aarch64.manylinux2014_aarch64.whl", hash = "sha256:706510fe141c86a69c8ddc029c7910003a17353970cff3b904ff0686a5927683"},
    {file = "cffi-1.17.1-cp313-cp313-manylinux_2_17_ppc64le.manylinux2014_ppc64le.whl", hash = "sha256:de55b766c7aa2e2a3092c51e0483d700341182f08e67c63630d5b6f200bb28e5"},
    {file = "cffi-1.17.1-cp313-cp313-manylinux_2_17_s390x.manylinux2014_s390x.whl", hash = "sha256:c59d6e989d07460165cc5ad3c61f9fd8f1b4796eacbd81cee78957842b834af4"},
    {file = "cffi-1.17.1-cp313-cp313-manylinux_2_17_x86_64.manylinux2014_x86_64.whl", hash = "sha256:dd398dbc6773384a17fe0d3e7eeb8d1a21c2200473ee6806bb5e6a8e62bb73dd"},
    {file = "cffi-1.17.1-cp313-cp313-musllinux_1_1_aarch64.whl", hash = "sha256:3edc8d958eb099c634dace3c7e16560ae474aa3803a5df240542b305d14e14ed"},
    {file = "cffi-1.17.1-cp313-cp313-musllinux_1_1_x86_64.whl", hash = "sha256:72e72408cad3d5419375fc87d289076ee319835bdfa2caad331e377589aebba9"},
    {file = "cffi-1.17.1-cp313-cp313-win32.whl", hash = "sha256:e03eab0a8677fa80d646b5ddece1cbeaf556c313dcfac435ba11f107ba117b5d"},
    {file = "cffi-1.17.1-cp313-cp313-win_amd64.whl", hash = "sha256:f6a16c31041f09ead72d69f583767292f750d24913dadacf5756b966aacb3f1a"},
    {file = "cffi-1.17.1.tar.gz", hash = "sha256:1c39c6016c32bc48dd54561950ebd6836e1670f2ae46128f67cf49e789c52824"},
]

[[package]]
name = "pycparser"
version = "2.22"
requires_python = ">=3.8"
summary = "C parser in Python"
groups = ["default"]
files = [
    {file = "pycparser-2.22-py3-none-any.whl", hash = "sha256:c3702b6d3dd8c7abc1afa565d7e63d53a1d0bd86cdc24edd75470f4de499cfcc"},
    {file = "pycparser-2.22.tar.gz", hash = "sha256:491c8be9c040f5390f5bf44a5b07752bd07f56edf992381b05c701439eec10f6"},
]

[[package]]
name = "raylib-sdl"
version = "5.5.0.3"
summary = "Python CFFI bindings for Raylib"
groups = ["default"]
dependencies = [
    "cffi>=1.17.1",
]
files = [
    {file = "raylib_sdl-5.5.0.3-cp313-cp313-macosx_10_13_x86_64.whl", hash = "sha256:a61fcbadbbf199b937669e22a73f12ba9b688ad70d4d9156a01d21908786a8b0"},
    {file = "raylib_sdl-5.5.0.3-cp313-cp313-macosx_15_0_arm64.whl", hash = "sha256:b653112ee36fc323d57051b1d995f6322be85db6a83c5bd46eecfa85a0c70b6e"},
    {file = "raylib_sdl-5.5.0.3-cp313-cp313-manylinux2014_aarch64.whl", hash = "sha256:ca78d540d6e22150543da03ec8daf9aa2d4a6900e0001d307fdf87d03faac677"},
    {file = "raylib_sdl-5.5.0.3-cp313-cp313-manylinux2014_x86_64.manylinux_2_17_x86_64.whl", hash = "sha256:245d6c32a8ad1833d4d37933d4d6067f7d919ebb3554609e6779154309c67c38"},
    {file = "raylib_sdl-5.5.0.3-cp313-cp313-win_amd64.whl", hash = "sha256:292962fd41759a9a149e4389588e7a38c3a6ec69eb50a88a3ea4ace76c9a1eed"},
    {file = "raylib_sdl-5.5.0.3-cp314-cp314-macosx_10_15_x86_64.whl", hash = "sha256:99a38716b6f60f96bd27cb2f8726161eb3295d305ae4634dfb9046ab758b9e30"},
    {file = "raylib_sdl-5.5.0.3-cp314-cp314-win_amd64.whl", hash = "sha256:f3333e14389e0ac653cb47ddb7405f07eb096749acd19c7a59a47cdac716b2b8"},
]
